
Microsoft Visual Studio Solution File, Format Version 12.00
# Visual Studio 15
Project("{FAE04EC0-301F-11D3-BF4B-00C04F79EFBC}") = "Assembly-CSharp", "Assembly-CSharp.csproj", "{6B6ED3E6-3067-D346-A881-3B5EA61CAF44}"
EndProject
Project("{FAE04EC0-301F-11D3-BF4B-00C04F79EFBC}") = "Assembly-CSharp-Editor", "Assembly-CSharp-Editor.csproj", "{02FC989F-ADC5-8833-A743-9816CF473637}"
EndProject
Global
	GlobalSection(SolutionConfigurationPlatforms) = preSolution
		Debug|Any CPU = Debug|Any CPU
		Release|Any CPU = Release|Any CPU
	EndGlobalSection
	GlobalSection(ProjectConfigurationPlatforms) = postSolution
		{6B6ED3E6-3067-D346-A881-3B5EA61CAF44}.Debug|Any CPU.ActiveCfg = Debug|Any CPU
		{6B6ED3E6-3067-D346-A881-3B5EA61CAF44}.Debug|Any CPU.Build.0 = Debug|Any CPU
		{6B6ED3E6-3067-D346-A881-3B5EA61CAF44}.Release|Any CPU.ActiveCfg = Release|Any CPU
		{6B6ED3E6-3067-D346-A881-3B5EA61CAF44}.Release|Any CPU.Build.0 = Release|Any CPU
		{02FC989F-ADC5-8833-A743-9816CF473637}.Debug|Any CPU.ActiveCfg = Debug|Any CPU
		{02FC989F-ADC5-8833-A743-9816CF473637}.Debug|Any CPU.Build.0 = Debug|Any CPU
		{02FC989F-ADC5-8833-A743-9816CF473637}.Release|Any CPU.ActiveCfg = Release|Any CPU
		{02FC989F-ADC5-8833-A743-9816CF473637}.Release|Any CPU.Build.0 = Release|Any CPU
	EndGlobalSection
	GlobalSection(SolutionProperties) = preSolution
		HideSolutionNode = FALSE
	EndGlobalSection
EndGlobal
